
Microsoft Visual Studio Solution File, Format Version 12.00
# Visual Studio 15
VisualStudioVersion = 15.0.27428.2043
MinimumVisualStudioVersion = 10.0.40219.1
Project("{FAE04EC0-301F-11D3-BF4B-00C04F79EFBC}") = "coffee-pc", "coffee-pc\coffee-pc.csproj", "{6E7036F1-1178-4BB6-B657-5763E304B403}"
EndProject
Project("{FAE04EC0-301F-11D3-BF4B-00C04F79EFBC}") = "coffee-pcTests", "coffee-pcTests\coffee-pcTests.csproj", "{7FA57CC9-A0E6-4C79-B114-F84824BF7CB9}"
EndProject
Global
	GlobalSection(SolutionConfigurationPlatforms) = preSolution
		Debug|Any CPU = Debug|Any CPU
		Release|Any CPU = Release|Any CPU
	EndGlobalSection
	GlobalSection(ProjectConfigurationPlatforms) = postSolution
		{6E7036F1-1178-4BB6-B657-5763E304B403}.Debug|Any CPU.ActiveCfg = Debug|Any CPU
		{6E7036F1-1178-4BB6-B657-5763E304B403}.Debug|Any CPU.Build.0 = Debug|Any CPU
		{6E7036F1-1178-4BB6-B657-5763E304B403}.Release|Any CPU.ActiveCfg = Release|Any CPU
		{6E7036F1-1178-4BB6-B657-5763E304B403}.Release|Any CPU.Build.0 = Release|Any CPU
		{7FA57CC9-A0E6-4C79-B114-F84824BF7CB9}.Debug|Any CPU.ActiveCfg = Debug|Any CPU
		{7FA57CC9-A0E6-4C79-B114-F84824BF7CB9}.Debug|Any CPU.Build.0 = Debug|Any CPU
		{7FA57CC9-A0E6-4C79-B114-F84824BF7CB9}.Release|Any CPU.ActiveCfg = Release|Any CPU
		{7FA57CC9-A0E6-4C79-B114-F84824BF7CB9}.Release|Any CPU.Build.0 = Release|Any CPU
	EndGlobalSection
	GlobalSection(SolutionProperties) = preSolution
		HideSolutionNode = FALSE
	EndGlobalSection
	GlobalSection(ExtensibilityGlobals) = postSolution
		SolutionGuid = {39D893FA-AE5A-4327-ADD2-11DA9270FDCA}
	EndGlobalSection
EndGlobal
